// !$*UTF8*$!
{
	archiveVersion = 1;
	classes = {
	};
	objectVersion = 46;
	objects = {

/* Begin PBXBuildFile section */
		7E2336BA134AD1FF00BEFB33 /* UIKit.framework in Frameworks */ = {isa = PBXBuildFile; fileRef = 7E2336B9134AD1FF00BEFB33 /* UIKit.framework */; };
		7E2336BC134AD1FF00BEFB33 /* Foundation.framework in Frameworks */ = {isa = PBXBuildFile; fileRef = 7E2336BB134AD1FF00BEFB33 /* Foundation.framework */; };
		7E2336BE134AD1FF00BEFB33 /* CoreGraphics.framework in Frameworks */ = {isa = PBXBuildFile; fileRef = 7E2336BD134AD1FF00BEFB33 /* CoreGraphics.framework */; };
		7E2336C4134AD1FF00BEFB33 /* InfoPlist.strings in Resources */ = {isa = PBXBuildFile; fileRef = 7E2336C2134AD1FF00BEFB33 /* InfoPlist.strings */; };
		7E2336C7134AD1FF00BEFB33 /* main.m in Sources */ = {isa = PBXBuildFile; fileRef = 7E2336C6134AD1FF00BEFB33 /* main.m */; };
		7E2336CA134AD1FF00BEFB33 /* ARBrowserAppDelegate.m in Sources */ = {isa = PBXBuildFile; fileRef = 7E2336C9134AD1FF00BEFB33 /* ARBrowserAppDelegate.m */; };
		7E2336CD134AD1FF00BEFB33 /* MainWindow.xib in Resources */ = {isa = PBXBuildFile; fileRef = 7E2336CB134AD1FF00BEFB33 /* MainWindow.xib */; };
		7E2336D0134AD1FF00BEFB33 /* ARBrowserViewController.mm in Sources */ = {isa = PBXBuildFile; fileRef = 7E2336CF134AD1FF00BEFB33 /* ARBrowserViewController.mm */; };
		7E233715134AD2C500BEFB33 /* EAGLView.m in Sources */ = {isa = PBXBuildFile; fileRef = 7E233714134AD2C500BEFB33 /* EAGLView.m */; };
		7E23371E134AD67700BEFB33 /* CoreFoundation.framework in Frameworks */ = {isa = PBXBuildFile; fileRef = 7E23371D134AD67700BEFB33 /* CoreFoundation.framework */; };
		7E233720134AD67C00BEFB33 /* OpenGLES.framework in Frameworks */ = {isa = PBXBuildFile; fileRef = 7E23371F134AD67C00BEFB33 /* OpenGLES.framework */; };
		7E233722134AD6C100BEFB33 /* QuartzCore.framework in Frameworks */ = {isa = PBXBuildFile; fileRef = 7E233721134AD6C100BEFB33 /* QuartzCore.framework */; };
		7E233725134AE94400BEFB33 /* Texture2D.m in Sources */ = {isa = PBXBuildFile; fileRef = 7E233724134AE94400BEFB33 /* Texture2D.m */; };
		7E233728134AE99D00BEFB33 /* ARVideoFrameController.m in Sources */ = {isa = PBXBuildFile; fileRef = 7E233727134AE99D00BEFB33 /* ARVideoFrameController.m */; };
		7E23372B134AEAC100BEFB33 /* ARVideoBackground.m in Sources */ = {isa = PBXBuildFile; fileRef = 7E23372A134AEAC100BEFB33 /* ARVideoBackground.m */; };
		7E23372D134B2D2000BEFB33 /* AVFoundation.framework in Frameworks */ = {isa = PBXBuildFile; fileRef = 7E23372C134B2D2000BEFB33 /* AVFoundation.framework */; };
		7E23372F134B3E1500BEFB33 /* CoreVideo.framework in Frameworks */ = {isa = PBXBuildFile; fileRef = 7E23372E134B3E1500BEFB33 /* CoreVideo.framework */; };
		7E233731134B3E5B00BEFB33 /* CoreMedia.framework in Frameworks */ = {isa = PBXBuildFile; fileRef = 7E233730134B3E5B00BEFB33 /* CoreMedia.framework */; };
		7E233735134B3FBF00BEFB33 /* Model.mm in Sources */ = {isa = PBXBuildFile; fileRef = 7E233734134B3FBF00BEFB33 /* Model.mm */; };
		7E233738134B40C200BEFB33 /* ARWorldLocation.mm in Sources */ = {isa = PBXBuildFile; fileRef = 7E233737134B40C200BEFB33 /* ARWorldLocation.mm */; };
		7E23374E134B41F100BEFB33 /* Matrix.cpp in Sources */ = {isa = PBXBuildFile; fileRef = 7E23373B134B41F100BEFB33 /* Matrix.cpp */; };
		7E233750134B41F100BEFB33 /* Transform.cpp in Sources */ = {isa = PBXBuildFile; fileRef = 7E233740134B41F100BEFB33 /* Transform.cpp */; };
		7E233751134B41F100BEFB33 /* Vector.cpp in Sources */ = {isa = PBXBuildFile; fileRef = 7E233742134B41F100BEFB33 /* Vector.cpp */; };
		7E233752134B41F100BEFB33 /* neon_matrix_impl.cpp in Sources */ = {isa = PBXBuildFile; fileRef = 7E233745134B41F100BEFB33 /* neon_matrix_impl.cpp */; };
		7E233753134B41F100BEFB33 /* matrix_impl.cpp in Sources */ = {isa = PBXBuildFile; fileRef = 7E233749134B41F100BEFB33 /* matrix_impl.cpp */; };
		7E233754134B41F100BEFB33 /* utility_impl.cpp in Sources */ = {isa = PBXBuildFile; fileRef = 7E23374B134B41F100BEFB33 /* utility_impl.cpp */; };
		7E61C9741354A51B00857A4D /* CoreMotion.framework in Frameworks */ = {isa = PBXBuildFile; fileRef = 7E61C9731354A51B00857A4D /* CoreMotion.framework */; };
		7E61C9771354AA2700857A4D /* ARLocationController.mm in Sources */ = {isa = PBXBuildFile; fileRef = 7E61C9761354AA2700857A4D /* ARLocationController.mm */; };
		7E61C9791354ACE200857A4D /* CoreLocation.framework in Frameworks */ = {isa = PBXBuildFile; fileRef = 7E61C9781354ACE200857A4D /* CoreLocation.framework */; };
		7E61C97C1354B44B00857A4D /* ARWorldPoint.mm in Sources */ = {isa = PBXBuildFile; fileRef = 7E61C97B1354B44B00857A4D /* ARWorldPoint.mm */; };
		7E61C97F1354B4E100857A4D /* ARModel.mm in Sources */ = {isa = PBXBuildFile; fileRef = 7E61C97E1354B4E000857A4D /* ARModel.mm */; };
		7E61C98B1354B69C00857A4D /* Models in Resources */ = {isa = PBXBuildFile; fileRef = 7E61C98A1354B69C00857A4D /* Models */; };
		7E7E29541370D8C100338606 /* Foundation.framework in Frameworks */ = {isa = PBXBuildFile; fileRef = 7E2336BB134AD1FF00BEFB33 /* Foundation.framework */; };
		7E7E295C1370D92E00338606 /* Matrix.cpp in Sources */ = {isa = PBXBuildFile; fileRef = 7E23373B134B41F100BEFB33 /* Matrix.cpp */; };
		7E7E295D1370D93300338606 /* Transform.cpp in Sources */ = {isa = PBXBuildFile; fileRef = 7E233740134B41F100BEFB33 /* Transform.cpp */; };
		7E7E295E1370D93700338606 /* Vector.cpp in Sources */ = {isa = PBXBuildFile; fileRef = 7E233742134B41F100BEFB33 /* Vector.cpp */; };
		7E7E295F1370D93D00338606 /* neon_matrix_impl.cpp in Sources */ = {isa = PBXBuildFile; fileRef = 7E233745134B41F100BEFB33 /* neon_matrix_impl.cpp */; };
		7E7E29601370D94300338606 /* matrix_impl.cpp in Sources */ = {isa = PBXBuildFile; fileRef = 7E233749134B41F100BEFB33 /* matrix_impl.cpp */; };
		7E7E29611370D94300338606 /* utility_impl.cpp in Sources */ = {isa = PBXBuildFile; fileRef = 7E23374B134B41F100BEFB33 /* utility_impl.cpp */; };
		7E7E29621370D95100338606 /* Texture2D.m in Sources */ = {isa = PBXBuildFile; fileRef = 7E233724134AE94400BEFB33 /* Texture2D.m */; };
		7E7E29631370D95800338606 /* ARWorldLocation.mm in Sources */ = {isa = PBXBuildFile; fileRef = 7E233737134B40C200BEFB33 /* ARWorldLocation.mm */; };
		7E7E29641370D95B00338606 /* ARModel.mm in Sources */ = {isa = PBXBuildFile; fileRef = 7E61C97E1354B4E000857A4D /* ARModel.mm */; };
		7E7E29651370D95E00338606 /* ARWorldPoint.mm in Sources */ = {isa = PBXBuildFile; fileRef = 7E61C97B1354B44B00857A4D /* ARWorldPoint.mm */; };
		7E7E29661370D96400338606 /* ARVideoFrameController.m in Sources */ = {isa = PBXBuildFile; fileRef = 7E233727134AE99D00BEFB33 /* ARVideoFrameController.m */; };
		7E7E29671370D96700338606 /* ARVideoBackground.m in Sources */ = {isa = PBXBuildFile; fileRef = 7E23372A134AEAC100BEFB33 /* ARVideoBackground.m */; };
		7E7E29681370D96C00338606 /* EAGLView.m in Sources */ = {isa = PBXBuildFile; fileRef = 7E233714134AD2C500BEFB33 /* EAGLView.m */; };
		7E7E29691370D97100338606 /* ARBrowserView.mm in Sources */ = {isa = PBXBuildFile; fileRef = 7E8D4CB0134FE04A00868D6B /* ARBrowserView.mm */; };
		7E7E296A1370D97400338606 /* ARLocationController.mm in Sources */ = {isa = PBXBuildFile; fileRef = 7E61C9761354AA2700857A4D /* ARLocationController.mm */; };
		7E7E296B1370D97E00338606 /* Model.mm in Sources */ = {isa = PBXBuildFile; fileRef = 7E233734134B3FBF00BEFB33 /* Model.mm */; };
		7E7E29781370E50900338606 /* ARLocationController.h in CopyFiles */ = {isa = PBXBuildFile; fileRef = 7E61C9751354AA2700857A4D /* ARLocationController.h */; };
		7E7E29791370E50E00338606 /* ARBrowserView.h in CopyFiles */ = {isa = PBXBuildFile; fileRef = 7E8D4CAF134FE04A00868D6B /* ARBrowserView.h */; };
		7E7E297A1370E51100338606 /* EAGLView.h in CopyFiles */ = {isa = PBXBuildFile; fileRef = 7E233713134AD2C500BEFB33 /* EAGLView.h */; };
		7E7E297C1370E59300338606 /* Matrix.h in CopyFiles */ = {isa = PBXBuildFile; fileRef = 7E23373C134B41F100BEFB33 /* Matrix.h */; };
		7E7E297E1370E5D700338606 /* Vector.h in CopyFiles */ = {isa = PBXBuildFile; fileRef = 7E233743134B41F100BEFB33 /* Vector.h */; };
		7E7E297F1370E5D900338606 /* Transform.h in CopyFiles */ = {isa = PBXBuildFile; fileRef = 7E233741134B41F100BEFB33 /* Transform.h */; };
		7E7E29801370E5E200338606 /* ARBrowserAppDelegate.h in CopyFiles */ = {isa = PBXBuildFile; fileRef = 7E2336C8134AD1FF00BEFB33 /* ARBrowserAppDelegate.h */; };
		7E7E29811370E5EA00338606 /* ARBrowserAppDelegate.m in CopyFiles */ = {isa = PBXBuildFile; fileRef = 7E2336C9134AD1FF00BEFB33 /* ARBrowserAppDelegate.m */; };
		7E7E29821370E60500338606 /* MainWindow.xib in CopyFiles */ = {isa = PBXBuildFile; fileRef = 7E2336CB134AD1FF00BEFB33 /* MainWindow.xib */; };
		7E7E29831370E60A00338606 /* ARBrowserViewController.h in CopyFiles */ = {isa = PBXBuildFile; fileRef = 7E2336CE134AD1FF00BEFB33 /* ARBrowserViewController.h */; };
		7E7E29841370E60D00338606 /* ARBrowserViewController.mm in CopyFiles */ = {isa = PBXBuildFile; fileRef = 7E2336CF134AD1FF00BEFB33 /* ARBrowserViewController.mm */; };
		7E7E29851370E61300338606 /* Texture2D.h in CopyFiles */ = {isa = PBXBuildFile; fileRef = 7E233723134AE94400BEFB33 /* Texture2D.h */; };
		7E7E29871370E63F00338606 /* ARVideoBackground.h in CopyFiles */ = {isa = PBXBuildFile; fileRef = 7E233729134AEAC100BEFB33 /* ARVideoBackground.h */; };
		7E7E29881370E64300338606 /* ARVideoFrameController.h in CopyFiles */ = {isa = PBXBuildFile; fileRef = 7E233726134AE99D00BEFB33 /* ARVideoFrameController.h */; };
		7E7E29891370E64500338606 /* ARModel.h in CopyFiles */ = {isa = PBXBuildFile; fileRef = 7E61C97D1354B4E000857A4D /* ARModel.h */; };
		7E7E298A1370E64900338606 /* ARWorldPoint.h in CopyFiles */ = {isa = PBXBuildFile; fileRef = 7E61C97A1354B44B00857A4D /* ARWorldPoint.h */; };
		7E7E298B1370E64D00338606 /* ARWorldLocation.h in CopyFiles */ = {isa = PBXBuildFile; fileRef = 7E233736134B40C200BEFB33 /* ARWorldLocation.h */; };
		7E7E2A731370EB0B00338606 /* Quaternion.h in CopyFiles */ = {isa = PBXBuildFile; fileRef = 7E23373D134B41F100BEFB33 /* Quaternion.h */; };
		7E7E2A741370EB1500338606 /* Endian.h in CopyFiles */ = {isa = PBXBuildFile; fileRef = 7E23373A134B41F100BEFB33 /* Endian.h */; };
		7E8D4CB1134FE04A00868D6B /* ARBrowserView.mm in Sources */ = {isa = PBXBuildFile; fileRef = 7E8D4CB0134FE04A00868D6B /* ARBrowserView.mm */; };
/* End PBXBuildFile section */

/* Begin PBXCopyFilesBuildPhase section */
		7E7E29771370E4CF00338606 /* CopyFiles */ = {
			isa = PBXCopyFilesBuildPhase;
			buildActionMask = 2147483647;
			dstPath = source;
			dstSubfolderSpec = 16;
			files = (
				7E7E29811370E5EA00338606 /* ARBrowserAppDelegate.m in CopyFiles */,
				7E7E297C1370E59300338606 /* Matrix.h in CopyFiles */,
				7E7E2A731370EB0B00338606 /* Quaternion.h in CopyFiles */,
				7E7E297E1370E5D700338606 /* Vector.h in CopyFiles */,
				7E7E298B1370E64D00338606 /* ARWorldLocation.h in CopyFiles */,
				7E7E2A741370EB1500338606 /* Endian.h in CopyFiles */,
				7E7E29891370E64500338606 /* ARModel.h in CopyFiles */,
				7E7E297F1370E5D900338606 /* Transform.h in CopyFiles */,
				7E7E298A1370E64900338606 /* ARWorldPoint.h in CopyFiles */,
				7E7E29791370E50E00338606 /* ARBrowserView.h in CopyFiles */,
				7E7E29881370E64300338606 /* ARVideoFrameController.h in CopyFiles */,
				7E7E297A1370E51100338606 /* EAGLView.h in CopyFiles */,
				7E7E29871370E63F00338606 /* ARVideoBackground.h in CopyFiles */,
				7E7E29781370E50900338606 /* ARLocationController.h in CopyFiles */,
				7E7E29801370E5E200338606 /* ARBrowserAppDelegate.h in CopyFiles */,
				7E7E29831370E60A00338606 /* ARBrowserViewController.h in CopyFiles */,
				7E7E29841370E60D00338606 /* ARBrowserViewController.mm in CopyFiles */,
				7E7E29851370E61300338606 /* Texture2D.h in CopyFiles */,
				7E7E29821370E60500338606 /* MainWindow.xib in CopyFiles */,
			);
			runOnlyForDeploymentPostprocessing = 0;
		};
/* End PBXCopyFilesBuildPhase section */

/* Begin PBXFileReference section */
		7E2336B5134AD1FF00BEFB33 /* ARBrowser.app */ = {isa = PBXFileReference; explicitFileType = wrapper.application; includeInIndex = 0; path = ARBrowser.app; sourceTree = BUILT_PRODUCTS_DIR; };
		7E2336B9134AD1FF00BEFB33 /* UIKit.framework */ = {isa = PBXFileReference; lastKnownFileType = wrapper.framework; name = UIKit.framework; path = System/Library/Frameworks/UIKit.framework; sourceTree = SDKROOT; };
		7E2336BB134AD1FF00BEFB33 /* Foundation.framework */ = {isa = PBXFileReference; lastKnownFileType = wrapper.framework; name = Foundation.framework; path = System/Library/Frameworks/Foundation.framework; sourceTree = SDKROOT; };
		7E2336BD134AD1FF00BEFB33 /* CoreGraphics.framework */ = {isa = PBXFileReference; lastKnownFileType = wrapper.framework; name = CoreGraphics.framework; path = System/Library/Frameworks/CoreGraphics.framework; sourceTree = SDKROOT; };
		7E2336C1134AD1FF00BEFB33 /* ARBrowser-Info.plist */ = {isa = PBXFileReference; lastKnownFileType = text.plist.xml; path = "ARBrowser-Info.plist"; sourceTree = "<group>"; };
		7E2336C3134AD1FF00BEFB33 /* en */ = {isa = PBXFileReference; lastKnownFileType = text.plist.strings; name = en; path = en.lproj/InfoPlist.strings; sourceTree = "<group>"; };
		7E2336C5134AD1FF00BEFB33 /* ARBrowser-Prefix.pch */ = {isa = PBXFileReference; lastKnownFileType = sourcecode.c.h; path = "ARBrowser-Prefix.pch"; sourceTree = "<group>"; };
		7E2336C6134AD1FF00BEFB33 /* main.m */ = {isa = PBXFileReference; lastKnownFileType = sourcecode.c.objc; path = main.m; sourceTree = "<group>"; };
		7E2336C8134AD1FF00BEFB33 /* ARBrowserAppDelegate.h */ = {isa = PBXFileReference; lastKnownFileType = sourcecode.c.h; path = ARBrowserAppDelegate.h; sourceTree = "<group>"; };
		7E2336C9134AD1FF00BEFB33 /* ARBrowserAppDelegate.m */ = {isa = PBXFileReference; lastKnownFileType = sourcecode.c.objc; path = ARBrowserAppDelegate.m; sourceTree = "<group>"; };
		7E2336CC134AD1FF00BEFB33 /* en */ = {isa = PBXFileReference; lastKnownFileType = file.xib; name = en; path = en.lproj/MainWindow.xib; sourceTree = "<group>"; };
		7E2336CE134AD1FF00BEFB33 /* ARBrowserViewController.h */ = {isa = PBXFileReference; lastKnownFileType = sourcecode.c.h; path = ARBrowserViewController.h; sourceTree = "<group>"; };
		7E2336CF134AD1FF00BEFB33 /* ARBrowserViewController.mm */ = {isa = PBXFileReference; lastKnownFileType = sourcecode.cpp.objcpp; path = ARBrowserViewController.mm; sourceTree = "<group>"; };
		7E233713134AD2C500BEFB33 /* EAGLView.h */ = {isa = PBXFileReference; fileEncoding = 4; lastKnownFileType = sourcecode.c.h; path = EAGLView.h; sourceTree = "<group>"; };
		7E233714134AD2C500BEFB33 /* EAGLView.m */ = {isa = PBXFileReference; fileEncoding = 4; lastKnownFileType = sourcecode.c.objc; path = EAGLView.m; sourceTree = "<group>"; };
		7E23371D134AD67700BEFB33 /* CoreFoundation.framework */ = {isa = PBXFileReference; lastKnownFileType = wrapper.framework; name = CoreFoundation.framework; path = System/Library/Frameworks/CoreFoundation.framework; sourceTree = SDKROOT; };
		7E23371F134AD67C00BEFB33 /* OpenGLES.framework */ = {isa = PBXFileReference; lastKnownFileType = wrapper.framework; name = OpenGLES.framework; path = System/Library/Frameworks/OpenGLES.framework; sourceTree = SDKROOT; };
		7E233721134AD6C100BEFB33 /* QuartzCore.framework */ = {isa = PBXFileReference; lastKnownFileType = wrapper.framework; name = QuartzCore.framework; path = System/Library/Frameworks/QuartzCore.framework; sourceTree = SDKROOT; };
		7E233723134AE94400BEFB33 /* Texture2D.h */ = {isa = PBXFileReference; fileEncoding = 4; lastKnownFileType = sourcecode.c.h; path = Texture2D.h; sourceTree = "<group>"; };
		7E233724134AE94400BEFB33 /* Texture2D.m */ = {isa = PBXFileReference; fileEncoding = 4; lastKnownFileType = sourcecode.c.objc; path = Texture2D.m; sourceTree = "<group>"; };
		7E233726134AE99D00BEFB33 /* ARVideoFrameController.h */ = {isa = PBXFileReference; fileEncoding = 4; lastKnownFileType = sourcecode.c.h; path = ARVideoFrameController.h; sourceTree = "<group>"; };
		7E233727134AE99D00BEFB33 /* ARVideoFrameController.m */ = {isa = PBXFileReference; fileEncoding = 4; lastKnownFileType = sourcecode.c.objc; path = ARVideoFrameController.m; sourceTree = "<group>"; };
		7E233729134AEAC100BEFB33 /* ARVideoBackground.h */ = {isa = PBXFileReference; fileEncoding = 4; lastKnownFileType = sourcecode.c.h; path = ARVideoBackground.h; sourceTree = "<group>"; };
		7E23372A134AEAC100BEFB33 /* ARVideoBackground.m */ = {isa = PBXFileReference; fileEncoding = 4; lastKnownFileType = sourcecode.c.objc; path = ARVideoBackground.m; sourceTree = "<group>"; };
		7E23372C134B2D2000BEFB33 /* AVFoundation.framework */ = {isa = PBXFileReference; lastKnownFileType = wrapper.framework; name = AVFoundation.framework; path = System/Library/Frameworks/AVFoundation.framework; sourceTree = SDKROOT; };
		7E23372E134B3E1500BEFB33 /* CoreVideo.framework */ = {isa = PBXFileReference; lastKnownFileType = wrapper.framework; name = CoreVideo.framework; path = System/Library/Frameworks/CoreVideo.framework; sourceTree = SDKROOT; };
		7E233730134B3E5B00BEFB33 /* CoreMedia.framework */ = {isa = PBXFileReference; lastKnownFileType = wrapper.framework; name = CoreMedia.framework; path = System/Library/Frameworks/CoreMedia.framework; sourceTree = SDKROOT; };
		7E233733134B3FBF00BEFB33 /* Model.h */ = {isa = PBXFileReference; fileEncoding = 4; lastKnownFileType = sourcecode.c.h; path = Model.h; sourceTree = "<group>"; };
		7E233734134B3FBF00BEFB33 /* Model.mm */ = {isa = PBXFileReference; fileEncoding = 4; lastKnownFileType = sourcecode.cpp.objcpp; path = Model.mm; sourceTree = "<group>"; };
		7E233736134B40C200BEFB33 /* ARWorldLocation.h */ = {isa = PBXFileReference; fileEncoding = 4; lastKnownFileType = sourcecode.c.h; path = ARWorldLocation.h; sourceTree = "<group>"; };
		7E233737134B40C200BEFB33 /* ARWorldLocation.mm */ = {isa = PBXFileReference; fileEncoding = 4; lastKnownFileType = sourcecode.cpp.objcpp; path = ARWorldLocation.mm; sourceTree = "<group>"; };
		7E23373A134B41F100BEFB33 /* Endian.h */ = {isa = PBXFileReference; fileEncoding = 4; lastKnownFileType = sourcecode.c.h; path = Endian.h; sourceTree = "<group>"; };
		7E23373B134B41F100BEFB33 /* Matrix.cpp */ = {isa = PBXFileReference; fileEncoding = 4; lastKnownFileType = sourcecode.cpp.cpp; path = Matrix.cpp; sourceTree = "<group>"; };
		7E23373C134B41F100BEFB33 /* Matrix.h */ = {isa = PBXFileReference; fileEncoding = 4; lastKnownFileType = sourcecode.c.h; path = Matrix.h; sourceTree = "<group>"; };
		7E23373D134B41F100BEFB33 /* Quaternion.h */ = {isa = PBXFileReference; fileEncoding = 4; lastKnownFileType = sourcecode.c.h; path = Quaternion.h; sourceTree = "<group>"; };
		7E233740134B41F100BEFB33 /* Transform.cpp */ = {isa = PBXFileReference; fileEncoding = 4; lastKnownFileType = sourcecode.cpp.cpp; path = Transform.cpp; sourceTree = "<group>"; };
		7E233741134B41F100BEFB33 /* Transform.h */ = {isa = PBXFileReference; fileEncoding = 4; lastKnownFileType = sourcecode.c.h; path = Transform.h; sourceTree = "<group>"; };
		7E233742134B41F100BEFB33 /* Vector.cpp */ = {isa = PBXFileReference; fileEncoding = 4; lastKnownFileType = sourcecode.cpp.cpp; path = Vector.cpp; sourceTree = "<group>"; };
		7E233743134B41F100BEFB33 /* Vector.h */ = {isa = PBXFileReference; fileEncoding = 4; lastKnownFileType = sourcecode.c.h; path = Vector.h; sourceTree = "<group>"; };
		7E233745134B41F100BEFB33 /* neon_matrix_impl.cpp */ = {isa = PBXFileReference; fileEncoding = 4; lastKnownFileType = sourcecode.cpp.cpp; path = neon_matrix_impl.cpp; sourceTree = "<group>"; };
		7E233746134B41F100BEFB33 /* neon_matrix_impl.h */ = {isa = PBXFileReference; fileEncoding = 4; lastKnownFileType = sourcecode.c.h; path = neon_matrix_impl.h; sourceTree = "<group>"; };
		7E233748134B41F100BEFB33 /* common_macros.h */ = {isa = PBXFileReference; fileEncoding = 4; lastKnownFileType = sourcecode.c.h; path = common_macros.h; sourceTree = "<group>"; };
		7E233749134B41F100BEFB33 /* matrix_impl.cpp */ = {isa = PBXFileReference; fileEncoding = 4; lastKnownFileType = sourcecode.cpp.cpp; path = matrix_impl.cpp; sourceTree = "<group>"; };
		7E23374A134B41F100BEFB33 /* matrix_impl.h */ = {isa = PBXFileReference; fileEncoding = 4; lastKnownFileType = sourcecode.c.h; path = matrix_impl.h; sourceTree = "<group>"; };
		7E23374B134B41F100BEFB33 /* utility_impl.cpp */ = {isa = PBXFileReference; fileEncoding = 4; lastKnownFileType = sourcecode.cpp.cpp; path = utility_impl.cpp; sourceTree = "<group>"; };
		7E23374C134B41F100BEFB33 /* utility_impl.h */ = {isa = PBXFileReference; fileEncoding = 4; lastKnownFileType = sourcecode.c.h; path = utility_impl.h; sourceTree = "<group>"; };
		7E23374D134B41F100BEFB33 /* vfp_clobbers.h */ = {isa = PBXFileReference; fileEncoding = 4; lastKnownFileType = sourcecode.c.h; path = vfp_clobbers.h; sourceTree = "<group>"; };
		7E61C9731354A51B00857A4D /* CoreMotion.framework */ = {isa = PBXFileReference; lastKnownFileType = wrapper.framework; name = CoreMotion.framework; path = System/Library/Frameworks/CoreMotion.framework; sourceTree = SDKROOT; };
		7E61C9751354AA2700857A4D /* ARLocationController.h */ = {isa = PBXFileReference; fileEncoding = 4; lastKnownFileType = sourcecode.c.h; path = ARLocationController.h; sourceTree = "<group>"; };
		7E61C9761354AA2700857A4D /* ARLocationController.mm */ = {isa = PBXFileReference; fileEncoding = 4; lastKnownFileType = sourcecode.cpp.objcpp; path = ARLocationController.mm; sourceTree = "<group>"; };
		7E61C9781354ACE200857A4D /* CoreLocation.framework */ = {isa = PBXFileReference; lastKnownFileType = wrapper.framework; name = CoreLocation.framework; path = System/Library/Frameworks/CoreLocation.framework; sourceTree = SDKROOT; };
		7E61C97A1354B44B00857A4D /* ARWorldPoint.h */ = {isa = PBXFileReference; fileEncoding = 4; lastKnownFileType = sourcecode.c.h; path = ARWorldPoint.h; sourceTree = "<group>"; };
		7E61C97B1354B44B00857A4D /* ARWorldPoint.mm */ = {isa = PBXFileReference; fileEncoding = 4; lastKnownFileType = sourcecode.cpp.objcpp; path = ARWorldPoint.mm; sourceTree = "<group>"; };
		7E61C97D1354B4E000857A4D /* ARModel.h */ = {isa = PBXFileReference; fileEncoding = 4; lastKnownFileType = sourcecode.c.h; path = ARModel.h; sourceTree = "<group>"; };
		7E61C97E1354B4E000857A4D /* ARModel.mm */ = {isa = PBXFileReference; fileEncoding = 4; lastKnownFileType = sourcecode.cpp.objcpp; path = ARModel.mm; sourceTree = "<group>"; };
		7E61C98A1354B69C00857A4D /* Models */ = {isa = PBXFileReference; lastKnownFileType = folder; path = Models; sourceTree = SOURCE_ROOT; };
		7E7E29531370D8C100338606 /* libHITLabNZAR.a */ = {isa = PBXFileReference; explicitFileType = archive.ar; includeInIndex = 0; path = libHITLabNZAR.a; sourceTree = BUILT_PRODUCTS_DIR; };
		7E7E29571370D8C100338606 /* HITLabNZAR-Prefix.pch */ = {isa = PBXFileReference; lastKnownFileType = sourcecode.c.h; path = "HITLabNZAR-Prefix.pch"; sourceTree = "<group>"; };
		7E8D4CAF134FE04A00868D6B /* ARBrowserView.h */ = {isa = PBXFileReference; fileEncoding = 4; lastKnownFileType = sourcecode.c.h; path = ARBrowserView.h; sourceTree = "<group>"; };
		7E8D4CB0134FE04A00868D6B /* ARBrowserView.mm */ = {isa = PBXFileReference; fileEncoding = 4; lastKnownFileType = sourcecode.cpp.objcpp; path = ARBrowserView.mm; sourceTree = "<group>"; };
/* End PBXFileReference section */

/* Begin PBXFrameworksBuildPhase section */
		7E2336B2134AD1FF00BEFB33 /* Frameworks */ = {
			isa = PBXFrameworksBuildPhase;
			buildActionMask = 2147483647;
			files = (
				7E61C9791354ACE200857A4D /* CoreLocation.framework in Frameworks */,
				7E61C9741354A51B00857A4D /* CoreMotion.framework in Frameworks */,
				7E233731134B3E5B00BEFB33 /* CoreMedia.framework in Frameworks */,
				7E23372F134B3E1500BEFB33 /* CoreVideo.framework in Frameworks */,
				7E23372D134B2D2000BEFB33 /* AVFoundation.framework in Frameworks */,
				7E233722134AD6C100BEFB33 /* QuartzCore.framework in Frameworks */,
				7E2336BA134AD1FF00BEFB33 /* UIKit.framework in Frameworks */,
				7E2336BC134AD1FF00BEFB33 /* Foundation.framework in Frameworks */,
				7E2336BE134AD1FF00BEFB33 /* CoreGraphics.framework in Frameworks */,
				7E23371E134AD67700BEFB33 /* CoreFoundation.framework in Frameworks */,
				7E233720134AD67C00BEFB33 /* OpenGLES.framework in Frameworks */,
			);
			runOnlyForDeploymentPostprocessing = 0;
		};
		7E7E29501370D8C100338606 /* Frameworks */ = {
			isa = PBXFrameworksBuildPhase;
			buildActionMask = 2147483647;
			files = (
				7E7E29541370D8C100338606 /* Foundation.framework in Frameworks */,
			);
			runOnlyForDeploymentPostprocessing = 0;
		};
/* End PBXFrameworksBuildPhase section */

/* Begin PBXGroup section */
		7E2336AA134AD1FF00BEFB33 = {
			isa = PBXGroup;
			children = (
				7E2336BF134AD1FF00BEFB33 /* ARBrowser */,
				7E7E29551370D8C100338606 /* HITLabNZAR */,
				7E2336B8134AD1FF00BEFB33 /* Frameworks */,
				7E2336B6134AD1FF00BEFB33 /* Products */,
			);
			sourceTree = "<group>";
		};
		7E2336B6134AD1FF00BEFB33 /* Products */ = {
			isa = PBXGroup;
			children = (
				7E2336B5134AD1FF00BEFB33 /* ARBrowser.app */,
				7E7E29531370D8C100338606 /* libHITLabNZAR.a */,
			);
			name = Products;
			sourceTree = "<group>";
		};
		7E2336B8134AD1FF00BEFB33 /* Frameworks */ = {
			isa = PBXGroup;
			children = (
				7E61C9781354ACE200857A4D /* CoreLocation.framework */,
				7E61C9731354A51B00857A4D /* CoreMotion.framework */,
				7E233730134B3E5B00BEFB33 /* CoreMedia.framework */,
				7E23372E134B3E1500BEFB33 /* CoreVideo.framework */,
				7E23372C134B2D2000BEFB33 /* AVFoundation.framework */,
				7E233721134AD6C100BEFB33 /* QuartzCore.framework */,
				7E23371F134AD67C00BEFB33 /* OpenGLES.framework */,
				7E23371D134AD67700BEFB33 /* CoreFoundation.framework */,
				7E2336B9134AD1FF00BEFB33 /* UIKit.framework */,
				7E2336BB134AD1FF00BEFB33 /* Foundation.framework */,
				7E2336BD134AD1FF00BEFB33 /* CoreGraphics.framework */,
			);
			name = Frameworks;
			sourceTree = "<group>";
		};
		7E2336BF134AD1FF00BEFB33 /* ARBrowser */ = {
			isa = PBXGroup;
			children = (
				7E233739134B41F100BEFB33 /* Math */,
				7E2336C8134AD1FF00BEFB33 /* ARBrowserAppDelegate.h */,
				7E2336C9134AD1FF00BEFB33 /* ARBrowserAppDelegate.m */,
				7E2336CB134AD1FF00BEFB33 /* MainWindow.xib */,
				7E2336CE134AD1FF00BEFB33 /* ARBrowserViewController.h */,
				7E2336CF134AD1FF00BEFB33 /* ARBrowserViewController.mm */,
				7E233723134AE94400BEFB33 /* Texture2D.h */,
				7E233724134AE94400BEFB33 /* Texture2D.m */,
				7E233736134B40C200BEFB33 /* ARWorldLocation.h */,
				7E233737134B40C200BEFB33 /* ARWorldLocation.mm */,
				7E61C97D1354B4E000857A4D /* ARModel.h */,
				7E61C97E1354B4E000857A4D /* ARModel.mm */,
				7E61C97A1354B44B00857A4D /* ARWorldPoint.h */,
				7E61C97B1354B44B00857A4D /* ARWorldPoint.mm */,
				7E233726134AE99D00BEFB33 /* ARVideoFrameController.h */,
				7E233727134AE99D00BEFB33 /* ARVideoFrameController.m */,
				7E233729134AEAC100BEFB33 /* ARVideoBackground.h */,
				7E23372A134AEAC100BEFB33 /* ARVideoBackground.m */,
				7E233713134AD2C500BEFB33 /* EAGLView.h */,
				7E233714134AD2C500BEFB33 /* EAGLView.m */,
				7E8D4CAF134FE04A00868D6B /* ARBrowserView.h */,
				7E8D4CB0134FE04A00868D6B /* ARBrowserView.mm */,
				7E61C9751354AA2700857A4D /* ARLocationController.h */,
				7E61C9761354AA2700857A4D /* ARLocationController.mm */,
				7E233732134B3F6500BEFB33 /* Private */,
				7E2336C0134AD1FF00BEFB33 /* Supporting Files */,
			);
			path = ARBrowser;
			sourceTree = "<group>";
		};
		7E2336C0134AD1FF00BEFB33 /* Supporting Files */ = {
			isa = PBXGroup;
			children = (
				7E61C98A1354B69C00857A4D /* Models */,
				7E2336C1134AD1FF00BEFB33 /* ARBrowser-Info.plist */,
				7E2336C2134AD1FF00BEFB33 /* InfoPlist.strings */,
				7E2336C5134AD1FF00BEFB33 /* ARBrowser-Prefix.pch */,
				7E2336C6134AD1FF00BEFB33 /* main.m */,
			);
			name = "Supporting Files";
			sourceTree = "<group>";
		};
		7E233732134B3F6500BEFB33 /* Private */ = {
			isa = PBXGroup;
			children = (
				7E233733134B3FBF00BEFB33 /* Model.h */,
				7E233734134B3FBF00BEFB33 /* Model.mm */,
			);
			name = Private;
			sourceTree = "<group>";
		};
		7E233739134B41F100BEFB33 /* Math */ = {
			isa = PBXGroup;
			children = (
				7E23373A134B41F100BEFB33 /* Endian.h */,
				7E23373B134B41F100BEFB33 /* Matrix.cpp */,
				7E23373C134B41F100BEFB33 /* Matrix.h */,
				7E23373D134B41F100BEFB33 /* Quaternion.h */,
				7E233740134B41F100BEFB33 /* Transform.cpp */,
				7E233741134B41F100BEFB33 /* Transform.h */,
				7E233742134B41F100BEFB33 /* Vector.cpp */,
				7E233743134B41F100BEFB33 /* Vector.h */,
				7E233744134B41F100BEFB33 /* neonmath */,
				7E233747134B41F100BEFB33 /* vfpmath */,
			);
			path = Math;
			sourceTree = "<group>";
		};
		7E233744134B41F100BEFB33 /* neonmath */ = {
			isa = PBXGroup;
			children = (
				7E233745134B41F100BEFB33 /* neon_matrix_impl.cpp */,
				7E233746134B41F100BEFB33 /* neon_matrix_impl.h */,
			);
			path = neonmath;
			sourceTree = "<group>";
		};
		7E233747134B41F100BEFB33 /* vfpmath */ = {
			isa = PBXGroup;
			children = (
				7E233748134B41F100BEFB33 /* common_macros.h */,
				7E233749134B41F100BEFB33 /* matrix_impl.cpp */,
				7E23374A134B41F100BEFB33 /* matrix_impl.h */,
				7E23374B134B41F100BEFB33 /* utility_impl.cpp */,
				7E23374C134B41F100BEFB33 /* utility_impl.h */,
				7E23374D134B41F100BEFB33 /* vfp_clobbers.h */,
			);
			path = vfpmath;
			sourceTree = "<group>";
		};
		7E7E29551370D8C100338606 /* HITLabNZAR */ = {
			isa = PBXGroup;
			children = (
				7E7E29561370D8C100338606 /* Supporting Files */,
			);
			path = HITLabNZAR;
			sourceTree = "<group>";
		};
		7E7E29561370D8C100338606 /* Supporting Files */ = {
			isa = PBXGroup;
			children = (
				7E7E29571370D8C100338606 /* HITLabNZAR-Prefix.pch */,
			);
			name = "Supporting Files";
			sourceTree = "<group>";
		};
/* End PBXGroup section */

/* Begin PBXNativeTarget section */
		7E2336B4134AD1FF00BEFB33 /* ARBrowser */ = {
			isa = PBXNativeTarget;
			buildConfigurationList = 7E2336D6134AD1FF00BEFB33 /* Build configuration list for PBXNativeTarget "ARBrowser" */;
			buildPhases = (
				7E2336B1134AD1FF00BEFB33 /* Sources */,
				7E2336B2134AD1FF00BEFB33 /* Frameworks */,
				7E2336B3134AD1FF00BEFB33 /* Resources */,
			);
			buildRules = (
			);
			dependencies = (
			);
			name = ARBrowser;
			productName = ARBrowser;
			productReference = 7E2336B5134AD1FF00BEFB33 /* ARBrowser.app */;
			productType = "com.apple.product-type.application";
		};
		7E7E29521370D8C100338606 /* HITLabNZAR */ = {
			isa = PBXNativeTarget;
			buildConfigurationList = 7E7E295A1370D8C100338606 /* Build configuration list for PBXNativeTarget "HITLabNZAR" */;
			buildPhases = (
				7E7E294F1370D8C100338606 /* Sources */,
				7E7E29501370D8C100338606 /* Frameworks */,
				7E7E29771370E4CF00338606 /* CopyFiles */,
			);
			buildRules = (
			);
			dependencies = (
			);
			name = HITLabNZAR;
			productName = HITLabNZAR;
			productReference = 7E7E29531370D8C100338606 /* libHITLabNZAR.a */;
			productType = "com.apple.product-type.library.static";
		};
/* End PBXNativeTarget section */

/* Begin PBXProject section */
		7E2336AC134AD1FF00BEFB33 /* Project object */ = {
			isa = PBXProject;
			attributes = {
				ORGANIZATIONNAME = "Orion Transfer Ltd";
			};
			buildConfigurationList = 7E2336AF134AD1FF00BEFB33 /* Build configuration list for PBXProject "ARBrowser" */;
			compatibilityVersion = "Xcode 3.2";
			developmentRegion = English;
			hasScannedForEncodings = 0;
			knownRegions = (
				en,
			);
			mainGroup = 7E2336AA134AD1FF00BEFB33;
			productRefGroup = 7E2336B6134AD1FF00BEFB33 /* Products */;
			projectDirPath = "";
			projectRoot = "";
			targets = (
				7E2336B4134AD1FF00BEFB33 /* ARBrowser */,
				7E7E29521370D8C100338606 /* HITLabNZAR */,
			);
		};
/* End PBXProject section */

/* Begin PBXResourcesBuildPhase section */
		7E2336B3134AD1FF00BEFB33 /* Resources */ = {
			isa = PBXResourcesBuildPhase;
			buildActionMask = 2147483647;
			files = (
				7E2336C4134AD1FF00BEFB33 /* InfoPlist.strings in Resources */,
				7E2336CD134AD1FF00BEFB33 /* MainWindow.xib in Resources */,
				7E61C98B1354B69C00857A4D /* Models in Resources */,
			);
			runOnlyForDeploymentPostprocessing = 0;
		};
/* End PBXResourcesBuildPhase section */

/* Begin PBXSourcesBuildPhase section */
		7E2336B1134AD1FF00BEFB33 /* Sources */ = {
			isa = PBXSourcesBuildPhase;
			buildActionMask = 2147483647;
			files = (
				7E2336C7134AD1FF00BEFB33 /* main.m in Sources */,
				7E2336CA134AD1FF00BEFB33 /* ARBrowserAppDelegate.m in Sources */,
				7E2336D0134AD1FF00BEFB33 /* ARBrowserViewController.mm in Sources */,
				7E233715134AD2C500BEFB33 /* EAGLView.m in Sources */,
				7E233725134AE94400BEFB33 /* Texture2D.m in Sources */,
				7E233728134AE99D00BEFB33 /* ARVideoFrameController.m in Sources */,
				7E23372B134AEAC100BEFB33 /* ARVideoBackground.m in Sources */,
				7E233735134B3FBF00BEFB33 /* Model.mm in Sources */,
				7E233738134B40C200BEFB33 /* ARWorldLocation.mm in Sources */,
				7E23374E134B41F100BEFB33 /* Matrix.cpp in Sources */,
				7E233750134B41F100BEFB33 /* Transform.cpp in Sources */,
				7E233751134B41F100BEFB33 /* Vector.cpp in Sources */,
				7E233752134B41F100BEFB33 /* neon_matrix_impl.cpp in Sources */,
				7E233753134B41F100BEFB33 /* matrix_impl.cpp in Sources */,
				7E233754134B41F100BEFB33 /* utility_impl.cpp in Sources */,
				7E8D4CB1134FE04A00868D6B /* ARBrowserView.mm in Sources */,
				7E61C9771354AA2700857A4D /* ARLocationController.mm in Sources */,
				7E61C97C1354B44B00857A4D /* ARWorldPoint.mm in Sources */,
				7E61C97F1354B4E100857A4D /* ARModel.mm in Sources */,
			);
			runOnlyForDeploymentPostprocessing = 0;
		};
		7E7E294F1370D8C100338606 /* Sources */ = {
			isa = PBXSourcesBuildPhase;
			buildActionMask = 2147483647;
			files = (
				7E7E295C1370D92E00338606 /* Matrix.cpp in Sources */,
				7E7E295D1370D93300338606 /* Transform.cpp in Sources */,
				7E7E295E1370D93700338606 /* Vector.cpp in Sources */,
				7E7E295F1370D93D00338606 /* neon_matrix_impl.cpp in Sources */,
				7E7E29601370D94300338606 /* matrix_impl.cpp in Sources */,
				7E7E29611370D94300338606 /* utility_impl.cpp in Sources */,
				7E7E29621370D95100338606 /* Texture2D.m in Sources */,
				7E7E29631370D95800338606 /* ARWorldLocation.mm in Sources */,
				7E7E29641370D95B00338606 /* ARModel.mm in Sources */,
				7E7E29651370D95E00338606 /* ARWorldPoint.mm in Sources */,
				7E7E29661370D96400338606 /* ARVideoFrameController.m in Sources */,
				7E7E29671370D96700338606 /* ARVideoBackground.m in Sources */,
				7E7E29681370D96C00338606 /* EAGLView.m in Sources */,
				7E7E29691370D97100338606 /* ARBrowserView.mm in Sources */,
				7E7E296A1370D97400338606 /* ARLocationController.mm in Sources */,
				7E7E296B1370D97E00338606 /* Model.mm in Sources */,
			);
			runOnlyForDeploymentPostprocessing = 0;
		};
/* End PBXSourcesBuildPhase section */

/* Begin PBXVariantGroup section */
		7E2336C2134AD1FF00BEFB33 /* InfoPlist.strings */ = {
			isa = PBXVariantGroup;
			children = (
				7E2336C3134AD1FF00BEFB33 /* en */,
			);
			name = InfoPlist.strings;
			sourceTree = "<group>";
		};
		7E2336CB134AD1FF00BEFB33 /* MainWindow.xib */ = {
			isa = PBXVariantGroup;
			children = (
				7E2336CC134AD1FF00BEFB33 /* en */,
			);
			name = MainWindow.xib;
			sourceTree = "<group>";
		};
/* End PBXVariantGroup section */

/* Begin XCBuildConfiguration section */
		7E2336D4134AD1FF00BEFB33 /* Debug */ = {
			isa = XCBuildConfiguration;
			buildSettings = {
				ARCHS = "$(ARCHS_STANDARD_32_BIT)";
				"CODE_SIGN_IDENTITY[sdk=iphoneos*]" = "iPhone Developer";
				GCC_C_LANGUAGE_STANDARD = gnu99;
				GCC_OPTIMIZATION_LEVEL = 0;
				GCC_PREPROCESSOR_DEFINITIONS = DEBUG;
				GCC_VERSION = com.apple.compilers.llvmgcc42;
				GCC_WARN_ABOUT_RETURN_TYPE = YES;
				GCC_WARN_UNUSED_VARIABLE = YES;
				IPHONEOS_DEPLOYMENT_TARGET = 4.2;
				SDKROOT = iphoneos;
			};
			name = Debug;
		};
		7E2336D5134AD1FF00BEFB33 /* Release */ = {
			isa = XCBuildConfiguration;
			buildSettings = {
				ARCHS = "$(ARCHS_STANDARD_32_BIT)";
				"CODE_SIGN_IDENTITY[sdk=iphoneos*]" = "iPhone Developer";
				GCC_C_LANGUAGE_STANDARD = gnu99;
				GCC_VERSION = com.apple.compilers.llvmgcc42;
				GCC_WARN_ABOUT_RETURN_TYPE = YES;
				GCC_WARN_UNUSED_VARIABLE = YES;
				IPHONEOS_DEPLOYMENT_TARGET = 4.2;
				OTHER_CFLAGS = "-DNS_BLOCK_ASSERTIONS=1";
				SDKROOT = iphoneos;
			};
			name = Release;
		};
		7E2336D7134AD1FF00BEFB33 /* Debug */ = {
			isa = XCBuildConfiguration;
			buildSettings = {
				ALWAYS_SEARCH_USER_PATHS = NO;
				COPY_PHASE_STRIP = NO;
				FRAMEWORK_SEARCH_PATHS = (
					"$(inherited)",
					"\"$(SRCROOT)\"",
				);
				GCC_DYNAMIC_NO_PIC = NO;
				GCC_PRECOMPILE_PREFIX_HEADER = YES;
				GCC_PREFIX_HEADER = "ARBrowser/ARBrowser-Prefix.pch";
				GCC_THUMB_SUPPORT = NO;
				INFOPLIST_FILE = "ARBrowser/ARBrowser-Info.plist";
				INSTALL_PATH = "$(LOCAL_APPS_DIR)";
				OTHER_CFLAGS = "-marm";
				PRODUCT_NAME = "$(TARGET_NAME)";
				WRAPPER_EXTENSION = app;
			};
			name = Debug;
		};
		7E2336D8134AD1FF00BEFB33 /* Release */ = {
			isa = XCBuildConfiguration;
			buildSettings = {
				ALWAYS_SEARCH_USER_PATHS = NO;
				COPY_PHASE_STRIP = YES;
				FRAMEWORK_SEARCH_PATHS = (
					"$(inherited)",
					"\"$(SRCROOT)\"",
				);
				GCC_PRECOMPILE_PREFIX_HEADER = YES;
				GCC_PREFIX_HEADER = "ARBrowser/ARBrowser-Prefix.pch";
				GCC_THUMB_SUPPORT = NO;
				INFOPLIST_FILE = "ARBrowser/ARBrowser-Info.plist";
				INSTALL_PATH = "$(LOCAL_APPS_DIR)";
				OTHER_CFLAGS = (
					"-DNS_BLOCK_ASSERTIONS=1",
					"-marm",
				);
				PRODUCT_NAME = "$(TARGET_NAME)";
				VALIDATE_PRODUCT = YES;
				WRAPPER_EXTENSION = app;
			};
			name = Release;
		};
		7E7E29581370D8C100338606 /* Debug */ = {
			isa = XCBuildConfiguration;
			buildSettings = {
				ALWAYS_SEARCH_USER_PATHS = NO;
				DSTROOT = /tmp/HITLabNZAR.dst;
				GCC_PRECOMPILE_PREFIX_HEADER = YES;
				GCC_PREFIX_HEADER = "HITLabNZAR/HITLabNZAR-Prefix.pch";
				GCC_SYMBOLS_PRIVATE_EXTERN = NO;
				GCC_THUMB_SUPPORT = NO;
				IPHONEOS_DEPLOYMENT_TARGET = 4.3;
				OTHER_LDFLAGS = "-ObjC";
				PRODUCT_NAME = "$(TARGET_NAME)";
			};
			name = Debug;
		};
		7E7E29591370D8C100338606 /* Release */ = {
			isa = XCBuildConfiguration;
			buildSettings = {
				ALWAYS_SEARCH_USER_PATHS = NO;
				DSTROOT = /tmp/HITLabNZAR.dst;
				GCC_PRECOMPILE_PREFIX_HEADER = YES;
				GCC_PREFIX_HEADER = "HITLabNZAR/HITLabNZAR-Prefix.pch";
				GCC_THUMB_SUPPORT = NO;
				IPHONEOS_DEPLOYMENT_TARGET = 4.3;
				OTHER_LDFLAGS = "-ObjC";
				PRODUCT_NAME = "$(TARGET_NAME)";
			};
			name = Release;
		};
/* End XCBuildConfiguration section */

/* Begin XCConfigurationList section */
		7E2336AF134AD1FF00BEFB33 /* Build configuration list for PBXProject "ARBrowser" */ = {
			isa = XCConfigurationList;
			buildConfigurations = (
				7E2336D4134AD1FF00BEFB33 /* Debug */,
				7E2336D5134AD1FF00BEFB33 /* Release */,
			);
			defaultConfigurationIsVisible = 0;
			defaultConfigurationName = Release;
		};
		7E2336D6134AD1FF00BEFB33 /* Build configuration list for PBXNativeTarget "ARBrowser" */ = {
			isa = XCConfigurationList;
			buildConfigurations = (
				7E2336D7134AD1FF00BEFB33 /* Debug */,
				7E2336D8134AD1FF00BEFB33 /* Release */,
			);
			defaultConfigurationIsVisible = 0;
			defaultConfigurationName = Release;
		};
		7E7E295A1370D8C100338606 /* Build configuration list for PBXNativeTarget "HITLabNZAR" */ = {
			isa = XCConfigurationList;
			buildConfigurations = (
				7E7E29581370D8C100338606 /* Debug */,
				7E7E29591370D8C100338606 /* Release */,
			);
			defaultConfigurationIsVisible = 0;
			defaultConfigurationName = Release;
		};
/* End XCConfigurationList section */
	};
	rootObject = 7E2336AC134AD1FF00BEFB33 /* Project object */;
}
